
Microsoft Visual Studio Solution File, Format Version 12.00
# Visual Studio Version 17
VisualStudioVersion = 17.11.35303.130
MinimumVisualStudioVersion = 10.0.40219.1
Project("{FAE04EC0-301F-11D3-BF4B-00C04F79EFBC}") = "TCPServer_opgave_4", "TCPServer_opgave_4.csproj", "{35795697-5C2B-404D-9FF8-63DD54318F2D}"
EndProject
Global
	GlobalSection(SolutionConfigurationPlatforms) = preSolution
		Debug|Any CPU = Debug|Any CPU
		Release|Any CPU = Release|Any CPU
	EndGlobalSection
	GlobalSection(ProjectConfigurationPlatforms) = postSolution
		{35795697-5C2B-404D-9FF8-63DD54318F2D}.Debug|Any CPU.ActiveCfg = Debug|Any CPU
		{35795697-5C2B-404D-9FF8-63DD54318F2D}.Debug|Any CPU.Build.0 = Debug|Any CPU
		{35795697-5C2B-404D-9FF8-63DD54318F2D}.Release|Any CPU.ActiveCfg = Release|Any CPU
		{35795697-5C2B-404D-9FF8-63DD54318F2D}.Release|Any CPU.Build.0 = Release|Any CPU
	EndGlobalSection
	GlobalSection(SolutionProperties) = preSolution
		HideSolutionNode = FALSE
	EndGlobalSection
	GlobalSection(ExtensibilityGlobals) = postSolution
		SolutionGuid = {1FADA263-8439-45C6-B3B0-83FE93ABB465}
	EndGlobalSection
EndGlobal
